
Microsoft Visual Studio Solution File, Format Version 12.00
# Visual Studio Version 16
VisualStudioVersion = 16.0.29209.152
MinimumVisualStudioVersion = 10.0.40219.1
Project("{FAE04EC0-301F-11D3-BF4B-00C04F79EFBC}") = "CustomMessageBox.Android", "CustomMessageBox\CustomMessageBox.Android\CustomMessageBox.Android.csproj", "{E8525209-6893-4769-B9AF-DBF12E97C6CA}"
EndProject
Project("{FAE04EC0-301F-11D3-BF4B-00C04F79EFBC}") = "CustomMessageBox.iOS", "CustomMessageBox\CustomMessageBox.iOS\CustomMessageBox.iOS.csproj", "{DADEAA57-CE74-47AD-B923-CF02B8DC654C}"
EndProject
Project("{FAE04EC0-301F-11D3-BF4B-00C04F79EFBC}") = "CustomMessageBox", "CustomMessageBox\CustomMessageBox\CustomMessageBox.csproj", "{D0D86450-54EC-4F0E-BF0B-7C3A1ABB7283}"
EndProject
Global
	GlobalSection(SolutionConfigurationPlatforms) = preSolution
		Debug|Any CPU = Debug|Any CPU
		Debug|iPhone = Debug|iPhone
		Debug|iPhoneSimulator = Debug|iPhoneSimulator
		Release|Any CPU = Release|Any CPU
		Release|iPhone = Release|iPhone
		Release|iPhoneSimulator = Release|iPhoneSimulator
	EndGlobalSection
	GlobalSection(ProjectConfigurationPlatforms) = postSolution
		{E8525209-6893-4769-B9AF-DBF12E97C6CA}.Debug|Any CPU.ActiveCfg = Debug|Any CPU
		{E8525209-6893-4769-B9AF-DBF12E97C6CA}.Debug|Any CPU.Build.0 = Debug|Any CPU
		{E8525209-6893-4769-B9AF-DBF12E97C6CA}.Debug|Any CPU.Deploy.0 = Debug|Any CPU
		{E8525209-6893-4769-B9AF-DBF12E97C6CA}.Debug|iPhone.ActiveCfg = Debug|Any CPU
		{E8525209-6893-4769-B9AF-DBF12E97C6CA}.Debug|iPhone.Build.0 = Debug|Any CPU
		{E8525209-6893-4769-B9AF-DBF12E97C6CA}.Debug|iPhone.Deploy.0 = Debug|Any CPU
		{E8525209-6893-4769-B9AF-DBF12E97C6CA}.Debug|iPhoneSimulator.ActiveCfg = Debug|Any CPU
		{E8525209-6893-4769-B9AF-DBF12E97C6CA}.Debug|iPhoneSimulator.Build.0 = Debug|Any CPU
		{E8525209-6893-4769-B9AF-DBF12E97C6CA}.Debug|iPhoneSimulator.Deploy.0 = Debug|Any CPU
		{E8525209-6893-4769-B9AF-DBF12E97C6CA}.Release|Any CPU.ActiveCfg = Release|Any CPU
		{E8525209-6893-4769-B9AF-DBF12E97C6CA}.Release|Any CPU.Build.0 = Release|Any CPU
		{E8525209-6893-4769-B9AF-DBF12E97C6CA}.Release|Any CPU.Deploy.0 = Release|Any CPU
		{E8525209-6893-4769-B9AF-DBF12E97C6CA}.Release|iPhone.ActiveCfg = Release|Any CPU
		{E8525209-6893-4769-B9AF-DBF12E97C6CA}.Release|iPhone.Build.0 = Release|Any CPU
		{E8525209-6893-4769-B9AF-DBF12E97C6CA}.Release|iPhone.Deploy.0 = Release|Any CPU
		{E8525209-6893-4769-B9AF-DBF12E97C6CA}.Release|iPhoneSimulator.ActiveCfg = Release|Any CPU
		{E8525209-6893-4769-B9AF-DBF12E97C6CA}.Release|iPhoneSimulator.Build.0 = Release|Any CPU
		{E8525209-6893-4769-B9AF-DBF12E97C6CA}.Release|iPhoneSimulator.Deploy.0 = Release|Any CPU
		{DADEAA57-CE74-47AD-B923-CF02B8DC654C}.Debug|Any CPU.ActiveCfg = Debug|iPhoneSimulator
		{DADEAA57-CE74-47AD-B923-CF02B8DC654C}.Debug|Any CPU.Build.0 = Debug|iPhoneSimulator
		{DADEAA57-CE74-47AD-B923-CF02B8DC654C}.Debug|Any CPU.Deploy.0 = Debug|iPhoneSimulator
		{DADEAA57-CE74-47AD-B923-CF02B8DC654C}.Debug|iPhone.ActiveCfg = Debug|iPhone
		{DADEAA57-CE74-47AD-B923-CF02B8DC654C}.Debug|iPhone.Build.0 = Debug|iPhone
		{DADEAA57-CE74-47AD-B923-CF02B8DC654C}.Debug|iPhone.Deploy.0 = Debug|iPhone
		{DADEAA57-CE74-47AD-B923-CF02B8DC654C}.Debug|iPhoneSimulator.ActiveCfg = Debug|iPhoneSimulator
		{DADEAA57-CE74-47AD-B923-CF02B8DC654C}.Debug|iPhoneSimulator.Build.0 = Debug|iPhoneSimulator
		{DADEAA57-CE74-47AD-B923-CF02B8DC654C}.Debug|iPhoneSimulator.Deploy.0 = Debug|iPhoneSimulator
		{DADEAA57-CE74-47AD-B923-CF02B8DC654C}.Release|Any CPU.ActiveCfg = Release|iPhone
		{DADEAA57-CE74-47AD-B923-CF02B8DC654C}.Release|Any CPU.Build.0 = Release|iPhone
		{DADEAA57-CE74-47AD-B923-CF02B8DC654C}.Release|Any CPU.Deploy.0 = Release|iPhone
		{DADEAA57-CE74-47AD-B923-CF02B8DC654C}.Release|iPhone.ActiveCfg = Release|iPhone
		{DADEAA57-CE74-47AD-B923-CF02B8DC654C}.Release|iPhone.Build.0 = Release|iPhone
		{DADEAA57-CE74-47AD-B923-CF02B8DC654C}.Release|iPhone.Deploy.0 = Release|iPhone
		{DADEAA57-CE74-47AD-B923-CF02B8DC654C}.Release|iPhoneSimulator.ActiveCfg = Release|iPhoneSimulator
		{DADEAA57-CE74-47AD-B923-CF02B8DC654C}.Release|iPhoneSimulator.Build.0 = Release|iPhoneSimulator
		{DADEAA57-CE74-47AD-B923-CF02B8DC654C}.Release|iPhoneSimulator.Deploy.0 = Release|iPhoneSimulator
		{D0D86450-54EC-4F0E-BF0B-7C3A1ABB7283}.Debug|Any CPU.ActiveCfg = Debug|Any CPU
		{D0D86450-54EC-4F0E-BF0B-7C3A1ABB7283}.Debug|Any CPU.Build.0 = Debug|Any CPU
		{D0D86450-54EC-4F0E-BF0B-7C3A1ABB7283}.Debug|Any CPU.Deploy.0 = Debug|Any CPU
		{D0D86450-54EC-4F0E-BF0B-7C3A1ABB7283}.Debug|iPhone.ActiveCfg = Debug|Any CPU
		{D0D86450-54EC-4F0E-BF0B-7C3A1ABB7283}.Debug|iPhone.Build.0 = Debug|Any CPU
		{D0D86450-54EC-4F0E-BF0B-7C3A1ABB7283}.Debug|iPhone.Deploy.0 = Debug|Any CPU
		{D0D86450-54EC-4F0E-BF0B-7C3A1ABB7283}.Debug|iPhoneSimulator.ActiveCfg = Debug|Any CPU
		{D0D86450-54EC-4F0E-BF0B-7C3A1ABB7283}.Debug|iPhoneSimulator.Build.0 = Debug|Any CPU
		{D0D86450-54EC-4F0E-BF0B-7C3A1ABB7283}.Debug|iPhoneSimulator.Deploy.0 = Debug|Any CPU
		{D0D86450-54EC-4F0E-BF0B-7C3A1ABB7283}.Release|Any CPU.ActiveCfg = Release|Any CPU
		{D0D86450-54EC-4F0E-BF0B-7C3A1ABB7283}.Release|Any CPU.Build.0 = Release|Any CPU
		{D0D86450-54EC-4F0E-BF0B-7C3A1ABB7283}.Release|Any CPU.Deploy.0 = Release|Any CPU
		{D0D86450-54EC-4F0E-BF0B-7C3A1ABB7283}.Release|iPhone.ActiveCfg = Release|Any CPU
		{D0D86450-54EC-4F0E-BF0B-7C3A1ABB7283}.Release|iPhone.Build.0 = Release|Any CPU
		{D0D86450-54EC-4F0E-BF0B-7C3A1ABB7283}.Release|iPhone.Deploy.0 = Release|Any CPU
		{D0D86450-54EC-4F0E-BF0B-7C3A1ABB7283}.Release|iPhoneSimulator.ActiveCfg = Release|Any CPU
		{D0D86450-54EC-4F0E-BF0B-7C3A1ABB7283}.Release|iPhoneSimulator.Build.0 = Release|Any CPU
		{D0D86450-54EC-4F0E-BF0B-7C3A1ABB7283}.Release|iPhoneSimulator.Deploy.0 = Release|Any CPU
	EndGlobalSection
	GlobalSection(SolutionProperties) = preSolution
		HideSolutionNode = FALSE
	EndGlobalSection
	GlobalSection(ExtensibilityGlobals) = postSolution
		SolutionGuid = {C9EA433B-F082-40C2-8EEA-C1CD64348DE1}
	EndGlobalSection
EndGlobal
